
Microsoft Visual Studio Solution File, Format Version 12.00
# Visual Studio Version 17
VisualStudioVersion = 17.7.34009.444
MinimumVisualStudioVersion = 10.0.40219.1
Project("{FAE04EC0-301F-11D3-BF4B-00C04F79EFBC}") = "NewMVC", "NewMVC\NewMVC.csproj", "{EA0FFC34-0A7A-441E-A4E4-C7611952A45A}"
EndProject
Global
	GlobalSection(SolutionConfigurationPlatforms) = preSolution
		Debug|Any CPU = Debug|Any CPU
		Release|Any CPU = Release|Any CPU
	EndGlobalSection
	GlobalSection(ProjectConfigurationPlatforms) = postSolution
		{EA0FFC34-0A7A-441E-A4E4-C7611952A45A}.Debug|Any CPU.ActiveCfg = Debug|Any CPU
		{EA0FFC34-0A7A-441E-A4E4-C7611952A45A}.Debug|Any CPU.Build.0 = Debug|Any CPU
		{EA0FFC34-0A7A-441E-A4E4-C7611952A45A}.Release|Any CPU.ActiveCfg = Release|Any CPU
		{EA0FFC34-0A7A-441E-A4E4-C7611952A45A}.Release|Any CPU.Build.0 = Release|Any CPU
	EndGlobalSection
	GlobalSection(SolutionProperties) = preSolution
		HideSolutionNode = FALSE
	EndGlobalSection
	GlobalSection(ExtensibilityGlobals) = postSolution
		SolutionGuid = {FF105655-D9EC-4120-9192-9F744CC7DCBF}
	EndGlobalSection
EndGlobal
